// !$*UTF8*$!
{
	archiveVersion = 1;
	classes = {
	};
	objectVersion = 56;
	objects = {

/* Begin PBXBuildFile section */
		9317F5282B03DAE000B00A48 /* Empty.storyboard in Resources */ = {isa = PBXBuildFile; fileRef = 9317F5272B03DAE000B00A48 /* Empty.storyboard */; };
		9317F52B2B03DB6D00B00A48 /* EmptyViewController.swift in Sources */ = {isa = PBXBuildFile; fileRef = 9317F52A2B03DB6D00B00A48 /* EmptyViewController.swift */; };
		9317F52E2B03DDC200B00A48 /* MainItemCell.xib in Resources */ = {isa = PBXBuildFile; fileRef = 9317F52D2B03DDC200B00A48 /* MainItemCell.xib */; };
		9317F5302B03DDD100B00A48 /* MainItemCell.swift in Sources */ = {isa = PBXBuildFile; fileRef = 9317F52F2B03DDD100B00A48 /* MainItemCell.swift */; };
		9317F5332B06686E00B00A48 /* NewItemViewController.swift in Sources */ = {isa = PBXBuildFile; fileRef = 9317F5322B06686E00B00A48 /* NewItemViewController.swift */; };
		9317F5352B06689500B00A48 /* NewItem.storyboard in Resources */ = {isa = PBXBuildFile; fileRef = 9317F5342B06689500B00A48 /* NewItem.storyboard */; };
		934D68E02AF50ACD00924492 /* UIViewController+Keyboard.swift in Sources */ = {isa = PBXBuildFile; fileRef = 934D68DF2AF50ACD00924492 /* UIViewController+Keyboard.swift */; };
		93564BE92AFF537200C3631D /* TextButton.swift in Sources */ = {isa = PBXBuildFile; fileRef = 93564BE82AFF537200C3631D /* TextButton.swift */; };
		935FB9A92AEAB8E1004A841F /* AppDelegate.swift in Sources */ = {isa = PBXBuildFile; fileRef = 935FB9A82AEAB8E1004A841F /* AppDelegate.swift */; };
		935FB9AB2AEAB8E1004A841F /* SceneDelegate.swift in Sources */ = {isa = PBXBuildFile; fileRef = 935FB9AA2AEAB8E1004A841F /* SceneDelegate.swift */; };
		935FB9AD2AEAB8E1004A841F /* AuthViewController.swift in Sources */ = {isa = PBXBuildFile; fileRef = 935FB9AC2AEAB8E1004A841F /* AuthViewController.swift */; };
		935FB9B02AEAB8E1004A841F /* Auth.storyboard in Resources */ = {isa = PBXBuildFile; fileRef = 935FB9AE2AEAB8E1004A841F /* Auth.storyboard */; };
		935FB9B22AEAB8E4004A841F /* Assets.xcassets in Resources */ = {isa = PBXBuildFile; fileRef = 935FB9B12AEAB8E4004A841F /* Assets.xcassets */; };
		935FB9B52AEAB8E4004A841F /* LaunchScreen.storyboard in Resources */ = {isa = PBXBuildFile; fileRef = 935FB9B32AEAB8E4004A841F /* LaunchScreen.storyboard */; };
		935FB9C02AEAB8E5004A841F /* ToDoTests.swift in Sources */ = {isa = PBXBuildFile; fileRef = 935FB9BF2AEAB8E5004A841F /* ToDoTests.swift */; };
		935FB9CA2AEAB8E5004A841F /* ToDoUITests.swift in Sources */ = {isa = PBXBuildFile; fileRef = 935FB9C92AEAB8E5004A841F /* ToDoUITests.swift */; };
		935FB9CC2AEAB8E5004A841F /* ToDoUITestsLaunchTests.swift in Sources */ = {isa = PBXBuildFile; fileRef = 935FB9CB2AEAB8E5004A841F /* ToDoUITestsLaunchTests.swift */; };
		93812E712AF5399300A18BD2 /* SignUpViewController.swift in Sources */ = {isa = PBXBuildFile; fileRef = 93812E702AF5399300A18BD2 /* SignUpViewController.swift */; };
		93971FBE2B11180D00432A47 /* DateFormatter.swift in Sources */ = {isa = PBXBuildFile; fileRef = 93971FBD2B11180D00432A47 /* DateFormatter.swift */; };
		93971FC22B1122D300432A47 /* PlistFiles.swift in Sources */ = {isa = PBXBuildFile; fileRef = 93971FC12B1122D300432A47 /* PlistFiles.swift */; };
		93A2E9362B13479700305B56 /* ToDoResponseBody.swift in Sources */ = {isa = PBXBuildFile; fileRef = 93A2E9352B13479700305B56 /* ToDoResponseBody.swift */; };
		93A2E9392B13A27C00305B56 /* EmptyRequest.swift in Sources */ = {isa = PBXBuildFile; fileRef = 93A2E9382B13A27C00305B56 /* EmptyRequest.swift */; };
		93A2E93B2B13B03E00305B56 /* SignInRequestBody.swift in Sources */ = {isa = PBXBuildFile; fileRef = 93A2E93A2B13B03E00305B56 /* SignInRequestBody.swift */; };
		93A2E93D2B13B0E000305B56 /* SignUpRequestBody.swift in Sources */ = {isa = PBXBuildFile; fileRef = 93A2E93C2B13B0E000305B56 /* SignUpRequestBody.swift */; };
		93A2E93F2B13B18800305B56 /* NetworkError.swift in Sources */ = {isa = PBXBuildFile; fileRef = 93A2E93E2B13B18800305B56 /* NetworkError.swift */; };
		93A2E9412B13B41600305B56 /* ToDoRequestBody.swift in Sources */ = {isa = PBXBuildFile; fileRef = 93A2E9402B13B41600305B56 /* ToDoRequestBody.swift */; };
		93A5E9562B0FA21900B0BAB2 /* OSLog.swift in Sources */ = {isa = PBXBuildFile; fileRef = 93A5E9552B0FA21900B0BAB2 /* OSLog.swift */; };
		93A5E9592B0FA27500B0BAB2 /* NetworkManager.swift in Sources */ = {isa = PBXBuildFile; fileRef = 93A5E9582B0FA27500B0BAB2 /* NetworkManager.swift */; };
		93A5E95D2B0FA6B700B0BAB2 /* EmptyResponse.swift in Sources */ = {isa = PBXBuildFile; fileRef = 93A5E95C2B0FA6B700B0BAB2 /* EmptyResponse.swift */; };
		93A5E95F2B0FA6F300B0BAB2 /* AuthResponse.swift in Sources */ = {isa = PBXBuildFile; fileRef = 93A5E95E2B0FA6F300B0BAB2 /* AuthResponse.swift */; };
		93A5E9612B0FA72B00B0BAB2 /* DataResponse.swift in Sources */ = {isa = PBXBuildFile; fileRef = 93A5E9602B0FA72B00B0BAB2 /* DataResponse.swift */; };
		93B02E362AF3F28600C8C6DA /* ParentViewController.swift in Sources */ = {isa = PBXBuildFile; fileRef = 93B02E352AF3F28600C8C6DA /* ParentViewController.swift */; };
		93B02E392AF3F36600C8C6DA /* TextField.swift in Sources */ = {isa = PBXBuildFile; fileRef = 93B02E382AF3F36600C8C6DA /* TextField.swift */; };
		93B02E3B2AF3FE4200C8C6DA /* TextInput.swift in Sources */ = {isa = PBXBuildFile; fileRef = 93B02E3A2AF3FE4200C8C6DA /* TextInput.swift */; };
		93C272362AF166AE008AEEAB /* Localizable.strings in Resources */ = {isa = PBXBuildFile; fileRef = 93C272352AF166AE008AEEAB /* Localizable.strings */; };
		93C272382AF16745008AEEAB /* L10n.swift in Sources */ = {isa = PBXBuildFile; fileRef = 93C272372AF16745008AEEAB /* L10n.swift */; };
		93C2723A2AF168E8008AEEAB /* Main.storyboard in Resources */ = {isa = PBXBuildFile; fileRef = 93C272392AF168E8008AEEAB /* Main.storyboard */; };
		93C2723C2AF1692B008AEEAB /* MainViewController.swift in Sources */ = {isa = PBXBuildFile; fileRef = 93C2723B2AF1692B008AEEAB /* MainViewController.swift */; };
		93C2723E2AF16D79008AEEAB /* SignUp.storyboard in Resources */ = {isa = PBXBuildFile; fileRef = 93C2723D2AF16D79008AEEAB /* SignUp.storyboard */; };
		93CEFCB72B08A44C00D03833 /* TextViewInput.swift in Sources */ = {isa = PBXBuildFile; fileRef = 93CEFCB62B08A44C00D03833 /* TextViewInput.swift */; };
		93E077162AFD2BB5009478CA /* MainButton.swift in Sources */ = {isa = PBXBuildFile; fileRef = 93E077152AFD2BB5009478CA /* MainButton.swift */; };
		93E077182AFD3242009478CA /* PrimaryButton.swift in Sources */ = {isa = PBXBuildFile; fileRef = 93E077172AFD3242009478CA /* PrimaryButton.swift */; };
		93E0771B2AFD357A009478CA /* ValidationManager.swift in Sources */ = {isa = PBXBuildFile; fileRef = 93E0771A2AFD357A009478CA /* ValidationManager.swift */; };
/* End PBXBuildFile section */

/* Begin PBXContainerItemProxy section */
		935FB9BC2AEAB8E5004A841F /* PBXContainerItemProxy */ = {
			isa = PBXContainerItemProxy;
			containerPortal = 935FB99D2AEAB8E1004A841F /* Project object */;
			proxyType = 1;
			remoteGlobalIDString = 935FB9A42AEAB8E1004A841F;
			remoteInfo = ToDo;
		};
		935FB9C62AEAB8E5004A841F /* PBXContainerItemProxy */ = {
			isa = PBXContainerItemProxy;
			containerPortal = 935FB99D2AEAB8E1004A841F /* Project object */;
			proxyType = 1;
			remoteGlobalIDString = 935FB9A42AEAB8E1004A841F;
			remoteInfo = ToDo;
		};
/* End PBXContainerItemProxy section */

/* Begin PBXFileReference section */
		9317F5272B03DAE000B00A48 /* Empty.storyboard */ = {isa = PBXFileReference; lastKnownFileType = file.storyboard; path = Empty.storyboard; sourceTree = "<group>"; };
		9317F52A2B03DB6D00B00A48 /* EmptyViewController.swift */ = {isa = PBXFileReference; lastKnownFileType = sourcecode.swift; path = EmptyViewController.swift; sourceTree = "<group>"; };
		9317F52D2B03DDC200B00A48 /* MainItemCell.xib */ = {isa = PBXFileReference; lastKnownFileType = file.xib; path = MainItemCell.xib; sourceTree = "<group>"; };
		9317F52F2B03DDD100B00A48 /* MainItemCell.swift */ = {isa = PBXFileReference; lastKnownFileType = sourcecode.swift; path = MainItemCell.swift; sourceTree = "<group>"; };
		9317F5322B06686E00B00A48 /* NewItemViewController.swift */ = {isa = PBXFileReference; lastKnownFileType = sourcecode.swift; path = NewItemViewController.swift; sourceTree = "<group>"; };
		9317F5342B06689500B00A48 /* NewItem.storyboard */ = {isa = PBXFileReference; lastKnownFileType = file.storyboard; path = NewItem.storyboard; sourceTree = "<group>"; };
		934D68DF2AF50ACD00924492 /* UIViewController+Keyboard.swift */ = {isa = PBXFileReference; fileEncoding = 4; lastKnownFileType = sourcecode.swift; path = "UIViewController+Keyboard.swift"; sourceTree = "<group>"; };
		93564BE82AFF537200C3631D /* TextButton.swift */ = {isa = PBXFileReference; lastKnownFileType = sourcecode.swift; path = TextButton.swift; sourceTree = "<group>"; };
		935FB9A52AEAB8E1004A841F /* ToDo.app */ = {isa = PBXFileReference; explicitFileType = wrapper.application; includeInIndex = 0; path = ToDo.app; sourceTree = BUILT_PRODUCTS_DIR; };
		935FB9A82AEAB8E1004A841F /* AppDelegate.swift */ = {isa = PBXFileReference; lastKnownFileType = sourcecode.swift; path = AppDelegate.swift; sourceTree = "<group>"; };
		935FB9AA2AEAB8E1004A841F /* SceneDelegate.swift */ = {isa = PBXFileReference; lastKnownFileType = sourcecode.swift; path = SceneDelegate.swift; sourceTree = "<group>"; };
		935FB9AC2AEAB8E1004A841F /* AuthViewController.swift */ = {isa = PBXFileReference; lastKnownFileType = sourcecode.swift; path = AuthViewController.swift; sourceTree = "<group>"; };
		935FB9AF2AEAB8E1004A841F /* Base */ = {isa = PBXFileReference; lastKnownFileType = file.storyboard; name = Base; path = Base.lproj/Auth.storyboard; sourceTree = "<group>"; };
		935FB9B12AEAB8E4004A841F /* Assets.xcassets */ = {isa = PBXFileReference; lastKnownFileType = folder.assetcatalog; path = Assets.xcassets; sourceTree = "<group>"; };
		935FB9B42AEAB8E4004A841F /* Base */ = {isa = PBXFileReference; lastKnownFileType = file.storyboard; name = Base; path = Base.lproj/LaunchScreen.storyboard; sourceTree = "<group>"; };
		935FB9B62AEAB8E4004A841F /* Info.plist */ = {isa = PBXFileReference; lastKnownFileType = text.plist.xml; path = Info.plist; sourceTree = "<group>"; };
		935FB9BB2AEAB8E5004A841F /* ToDoTests.xctest */ = {isa = PBXFileReference; explicitFileType = wrapper.cfbundle; includeInIndex = 0; path = ToDoTests.xctest; sourceTree = BUILT_PRODUCTS_DIR; };
		935FB9BF2AEAB8E5004A841F /* ToDoTests.swift */ = {isa = PBXFileReference; lastKnownFileType = sourcecode.swift; path = ToDoTests.swift; sourceTree = "<group>"; };
		935FB9C52AEAB8E5004A841F /* ToDoUITests.xctest */ = {isa = PBXFileReference; explicitFileType = wrapper.cfbundle; includeInIndex = 0; path = ToDoUITests.xctest; sourceTree = BUILT_PRODUCTS_DIR; };
		935FB9C92AEAB8E5004A841F /* ToDoUITests.swift */ = {isa = PBXFileReference; lastKnownFileType = sourcecode.swift; path = ToDoUITests.swift; sourceTree = "<group>"; };
		935FB9CB2AEAB8E5004A841F /* ToDoUITestsLaunchTests.swift */ = {isa = PBXFileReference; lastKnownFileType = sourcecode.swift; path = ToDoUITestsLaunchTests.swift; sourceTree = "<group>"; };
		93812E702AF5399300A18BD2 /* SignUpViewController.swift */ = {isa = PBXFileReference; lastKnownFileType = sourcecode.swift; path = SignUpViewController.swift; sourceTree = "<group>"; };
		93971FBD2B11180D00432A47 /* DateFormatter.swift */ = {isa = PBXFileReference; lastKnownFileType = sourcecode.swift; path = DateFormatter.swift; sourceTree = "<group>"; };
		93971FC12B1122D300432A47 /* PlistFiles.swift */ = {isa = PBXFileReference; fileEncoding = 4; lastKnownFileType = sourcecode.swift; path = PlistFiles.swift; sourceTree = "<group>"; };
		93A2E9352B13479700305B56 /* ToDoResponseBody.swift */ = {isa = PBXFileReference; lastKnownFileType = sourcecode.swift; path = ToDoResponseBody.swift; sourceTree = "<group>"; };
		93A2E9382B13A27C00305B56 /* EmptyRequest.swift */ = {isa = PBXFileReference; lastKnownFileType = sourcecode.swift; path = EmptyRequest.swift; sourceTree = "<group>"; };
		93A2E93A2B13B03E00305B56 /* SignInRequestBody.swift */ = {isa = PBXFileReference; lastKnownFileType = sourcecode.swift; path = SignInRequestBody.swift; sourceTree = "<group>"; };
		93A2E93C2B13B0E000305B56 /* SignUpRequestBody.swift */ = {isa = PBXFileReference; lastKnownFileType = sourcecode.swift; path = SignUpRequestBody.swift; sourceTree = "<group>"; };
		93A2E93E2B13B18800305B56 /* NetworkError.swift */ = {isa = PBXFileReference; lastKnownFileType = sourcecode.swift; path = NetworkError.swift; sourceTree = "<group>"; };
		93A2E9402B13B41600305B56 /* ToDoRequestBody.swift */ = {isa = PBXFileReference; lastKnownFileType = sourcecode.swift; path = ToDoRequestBody.swift; sourceTree = "<group>"; };
		93A5E9552B0FA21900B0BAB2 /* OSLog.swift */ = {isa = PBXFileReference; lastKnownFileType = sourcecode.swift; path = OSLog.swift; sourceTree = "<group>"; };
		93A5E9582B0FA27500B0BAB2 /* NetworkManager.swift */ = {isa = PBXFileReference; lastKnownFileType = sourcecode.swift; path = NetworkManager.swift; sourceTree = "<group>"; };
		93A5E95A2B0FA34600B0BAB2 /* Base.xcconfig */ = {isa = PBXFileReference; lastKnownFileType = text.xcconfig; path = Base.xcconfig; sourceTree = "<group>"; };
		93A5E95C2B0FA6B700B0BAB2 /* EmptyResponse.swift */ = {isa = PBXFileReference; lastKnownFileType = sourcecode.swift; path = EmptyResponse.swift; sourceTree = "<group>"; };
		93A5E95E2B0FA6F300B0BAB2 /* AuthResponse.swift */ = {isa = PBXFileReference; lastKnownFileType = sourcecode.swift; path = AuthResponse.swift; sourceTree = "<group>"; };
		93A5E9602B0FA72B00B0BAB2 /* DataResponse.swift */ = {isa = PBXFileReference; lastKnownFileType = sourcecode.swift; path = DataResponse.swift; sourceTree = "<group>"; };
		93B02E352AF3F28600C8C6DA /* ParentViewController.swift */ = {isa = PBXFileReference; lastKnownFileType = sourcecode.swift; path = ParentViewController.swift; sourceTree = "<group>"; };
		93B02E382AF3F36600C8C6DA /* TextField.swift */ = {isa = PBXFileReference; lastKnownFileType = sourcecode.swift; path = TextField.swift; sourceTree = "<group>"; };
		93B02E3A2AF3FE4200C8C6DA /* TextInput.swift */ = {isa = PBXFileReference; lastKnownFileType = sourcecode.swift; path = TextInput.swift; sourceTree = "<group>"; };
		93C272352AF166AE008AEEAB /* Localizable.strings */ = {isa = PBXFileReference; lastKnownFileType = text.plist.strings; path = Localizable.strings; sourceTree = "<group>"; };
		93C272372AF16745008AEEAB /* L10n.swift */ = {isa = PBXFileReference; lastKnownFileType = sourcecode.swift; path = L10n.swift; sourceTree = "<group>"; };
		93C272392AF168E8008AEEAB /* Main.storyboard */ = {isa = PBXFileReference; lastKnownFileType = file.storyboard; path = Main.storyboard; sourceTree = "<group>"; };
		93C2723B2AF1692B008AEEAB /* MainViewController.swift */ = {isa = PBXFileReference; lastKnownFileType = sourcecode.swift; path = MainViewController.swift; sourceTree = "<group>"; };
		93C2723D2AF16D79008AEEAB /* SignUp.storyboard */ = {isa = PBXFileReference; lastKnownFileType = file.storyboard; path = SignUp.storyboard; sourceTree = "<group>"; };
		93CEFCB62B08A44C00D03833 /* TextViewInput.swift */ = {isa = PBXFileReference; fileEncoding = 4; lastKnownFileType = sourcecode.swift; path = TextViewInput.swift; sourceTree = "<group>"; };
		93E077152AFD2BB5009478CA /* MainButton.swift */ = {isa = PBXFileReference; lastKnownFileType = sourcecode.swift; path = MainButton.swift; sourceTree = "<group>"; };
		93E077172AFD3242009478CA /* PrimaryButton.swift */ = {isa = PBXFileReference; lastKnownFileType = sourcecode.swift; path = PrimaryButton.swift; sourceTree = "<group>"; };
		93E0771A2AFD357A009478CA /* ValidationManager.swift */ = {isa = PBXFileReference; lastKnownFileType = sourcecode.swift; path = ValidationManager.swift; sourceTree = "<group>"; };
/* End PBXFileReference section */

/* Begin PBXFrameworksBuildPhase section */
		935FB9A22AEAB8E1004A841F /* Frameworks */ = {
			isa = PBXFrameworksBuildPhase;
			buildActionMask = 2147483647;
			files = (
			);
			runOnlyForDeploymentPostprocessing = 0;
		};
		935FB9B82AEAB8E5004A841F /* Frameworks */ = {
			isa = PBXFrameworksBuildPhase;
			buildActionMask = 2147483647;
			files = (
			);
			runOnlyForDeploymentPostprocessing = 0;
		};
		935FB9C22AEAB8E5004A841F /* Frameworks */ = {
			isa = PBXFrameworksBuildPhase;
			buildActionMask = 2147483647;
			files = (
			);
			runOnlyForDeploymentPostprocessing = 0;
		};
/* End PBXFrameworksBuildPhase section */

/* Begin PBXGroup section */
		9317F5292B03DB5A00B00A48 /* Empty */ = {
			isa = PBXGroup;
			children = (
				9317F52A2B03DB6D00B00A48 /* EmptyViewController.swift */,
			);
			path = Empty;
			sourceTree = "<group>";
		};
		9317F52C2B03DD9400B00A48 /* Cell */ = {
			isa = PBXGroup;
			children = (
				9317F52D2B03DDC200B00A48 /* MainItemCell.xib */,
				9317F52F2B03DDD100B00A48 /* MainItemCell.swift */,
			);
			path = Cell;
			sourceTree = "<group>";
		};
		9317F5312B06684E00B00A48 /* NewItem */ = {
			isa = PBXGroup;
			children = (
				9317F5322B06686E00B00A48 /* NewItemViewController.swift */,
			);
			path = NewItem;
			sourceTree = "<group>";
		};
		935FB99C2AEAB8E1004A841F = {
			isa = PBXGroup;
			children = (
				935FB9A72AEAB8E1004A841F /* ToDo */,
				935FB9BE2AEAB8E5004A841F /* ToDoTests */,
				935FB9C82AEAB8E5004A841F /* ToDoUITests */,
				935FB9A62AEAB8E1004A841F /* Products */,
			);
			sourceTree = "<group>";
		};
		935FB9A62AEAB8E1004A841F /* Products */ = {
			isa = PBXGroup;
			children = (
				935FB9A52AEAB8E1004A841F /* ToDo.app */,
				935FB9BB2AEAB8E5004A841F /* ToDoTests.xctest */,
				935FB9C52AEAB8E5004A841F /* ToDoUITests.xctest */,
			);
			name = Products;
			sourceTree = "<group>";
		};
		935FB9A72AEAB8E1004A841F /* ToDo */ = {
			isa = PBXGroup;
			children = (
				93A5E9572B0FA26200B0BAB2 /* Network */,
				93A5E9542B0FA20300B0BAB2 /* Manager */,
				93B02E3C2AF406E000C8C6DA /* Extentions */,
				93B02E372AF3F33100C8C6DA /* UIKit */,
				93C2722F2AF163F3008AEEAB /* Classes */,
				93C272332AF1643F008AEEAB /* Resources */,
				935FB9A82AEAB8E1004A841F /* AppDelegate.swift */,
				935FB9AA2AEAB8E1004A841F /* SceneDelegate.swift */,
			);
			path = ToDo;
			sourceTree = "<group>";
		};
		935FB9BE2AEAB8E5004A841F /* ToDoTests */ = {
			isa = PBXGroup;
			children = (
				935FB9BF2AEAB8E5004A841F /* ToDoTests.swift */,
			);
			path = ToDoTests;
			sourceTree = "<group>";
		};
		935FB9C82AEAB8E5004A841F /* ToDoUITests */ = {
			isa = PBXGroup;
			children = (
				935FB9C92AEAB8E5004A841F /* ToDoUITests.swift */,
				935FB9CB2AEAB8E5004A841F /* ToDoUITestsLaunchTests.swift */,
			);
			path = ToDoUITests;
			sourceTree = "<group>";
		};
		93812E6F2AF5396E00A18BD2 /* SignUp */ = {
			isa = PBXGroup;
			children = (
				93812E702AF5399300A18BD2 /* SignUpViewController.swift */,
			);
			path = SignUp;
			sourceTree = "<group>";
		};
		93A2E9372B13A25400305B56 /* Request */ = {
			isa = PBXGroup;
			children = (
				93A2E9382B13A27C00305B56 /* EmptyRequest.swift */,
				93A2E93C2B13B0E000305B56 /* SignUpRequestBody.swift */,
				93A2E93A2B13B03E00305B56 /* SignInRequestBody.swift */,
				93A2E9402B13B41600305B56 /* ToDoRequestBody.swift */,
			);
			path = Request;
			sourceTree = "<group>";
		};
		93A5E9542B0FA20300B0BAB2 /* Manager */ = {
			isa = PBXGroup;
			children = (
				93A5E9552B0FA21900B0BAB2 /* OSLog.swift */,
			);
			path = Manager;
			sourceTree = "<group>";
		};
		93A5E9572B0FA26200B0BAB2 /* Network */ = {
			isa = PBXGroup;
			children = (
				93A5E95B2B0FA6A300B0BAB2 /* Responses */,
				93A2E9372B13A25400305B56 /* Request */,
				93A5E9582B0FA27500B0BAB2 /* NetworkManager.swift */,
				93A2E93E2B13B18800305B56 /* NetworkError.swift */,
			);
			path = Network;
			sourceTree = "<group>";
		};
		93A5E95B2B0FA6A300B0BAB2 /* Responses */ = {
			isa = PBXGroup;
			children = (
				93A5E95E2B0FA6F300B0BAB2 /* AuthResponse.swift */,
				93A5E9602B0FA72B00B0BAB2 /* DataResponse.swift */,
				93A5E95C2B0FA6B700B0BAB2 /* EmptyResponse.swift */,
				93A2E9352B13479700305B56 /* ToDoResponseBody.swift */,
			);
			path = Responses;
			sourceTree = "<group>";
		};
		93B02E342AF3F26500C8C6DA /* Parent */ = {
			isa = PBXGroup;
			children = (
				93B02E352AF3F28600C8C6DA /* ParentViewController.swift */,
			);
			path = Parent;
			sourceTree = "<group>";
		};
		93B02E372AF3F33100C8C6DA /* UIKit */ = {
			isa = PBXGroup;
			children = (
				93CEFCB62B08A44C00D03833 /* TextViewInput.swift */,
				93B02E382AF3F36600C8C6DA /* TextField.swift */,
				93B02E3A2AF3FE4200C8C6DA /* TextInput.swift */,
				93E077152AFD2BB5009478CA /* MainButton.swift */,
				93E077172AFD3242009478CA /* PrimaryButton.swift */,
				93564BE82AFF537200C3631D /* TextButton.swift */,
			);
			path = UIKit;
			sourceTree = "<group>";
		};
		93B02E3C2AF406E000C8C6DA /* Extentions */ = {
			isa = PBXGroup;
			children = (
				934D68DF2AF50ACD00924492 /* UIViewController+Keyboard.swift */,
				93971FBD2B11180D00432A47 /* DateFormatter.swift */,
			);
			path = Extentions;
			sourceTree = "<group>";
		};
		93C2722F2AF163F3008AEEAB /* Classes */ = {
			isa = PBXGroup;
			children = (
				93E077192AFD3558009478CA /* Business */,
				93C272302AF16419008AEEAB /* Modules */,
			);
			path = Classes;
			sourceTree = "<group>";
		};
		93C272302AF16419008AEEAB /* Modules */ = {
			isa = PBXGroup;
			children = (
				9317F5312B06684E00B00A48 /* NewItem */,
				9317F5292B03DB5A00B00A48 /* Empty */,
				93812E6F2AF5396E00A18BD2 /* SignUp */,
				93B02E342AF3F26500C8C6DA /* Parent */,
				93C272322AF16434008AEEAB /* Main */,
				93C272312AF1642B008AEEAB /* Auth */,
			);
			path = Modules;
			sourceTree = "<group>";
		};
		93C272312AF1642B008AEEAB /* Auth */ = {
			isa = PBXGroup;
			children = (
				935FB9AC2AEAB8E1004A841F /* AuthViewController.swift */,
			);
			path = Auth;
			sourceTree = "<group>";
		};
		93C272322AF16434008AEEAB /* Main */ = {
			isa = PBXGroup;
			children = (
				9317F52C2B03DD9400B00A48 /* Cell */,
				93C2723B2AF1692B008AEEAB /* MainViewController.swift */,
			);
			path = Main;
			sourceTree = "<group>";
		};
		93C272332AF1643F008AEEAB /* Resources */ = {
			isa = PBXGroup;
			children = (
				93971FC12B1122D300432A47 /* PlistFiles.swift */,
				935FB9B12AEAB8E4004A841F /* Assets.xcassets */,
				935FB9B62AEAB8E4004A841F /* Info.plist */,
				93C272342AF1645C008AEEAB /* Storyboards */,
				93C272352AF166AE008AEEAB /* Localizable.strings */,
				93C272372AF16745008AEEAB /* L10n.swift */,
				93A5E95A2B0FA34600B0BAB2 /* Base.xcconfig */,
			);
			path = Resources;
			sourceTree = "<group>";
		};
		93C272342AF1645C008AEEAB /* Storyboards */ = {
			isa = PBXGroup;
			children = (
				935FB9AE2AEAB8E1004A841F /* Auth.storyboard */,
				935FB9B32AEAB8E4004A841F /* LaunchScreen.storyboard */,
				93C272392AF168E8008AEEAB /* Main.storyboard */,
				93C2723D2AF16D79008AEEAB /* SignUp.storyboard */,
				9317F5272B03DAE000B00A48 /* Empty.storyboard */,
				9317F5342B06689500B00A48 /* NewItem.storyboard */,
			);
			path = Storyboards;
			sourceTree = "<group>";
		};
		93E077192AFD3558009478CA /* Business */ = {
			isa = PBXGroup;
			children = (
				93E0771A2AFD357A009478CA /* ValidationManager.swift */,
			);
			path = Business;
			sourceTree = "<group>";
		};
/* End PBXGroup section */

/* Begin PBXNativeTarget section */
		935FB9A42AEAB8E1004A841F /* ToDo */ = {
			isa = PBXNativeTarget;
			buildConfigurationList = 935FB9CF2AEAB8E5004A841F /* Build configuration list for PBXNativeTarget "ToDo" */;
			buildPhases = (
				935FB9A12AEAB8E1004A841F /* Sources */,
				935FB9A22AEAB8E1004A841F /* Frameworks */,
				935FB9A32AEAB8E1004A841F /* Resources */,
			);
			buildRules = (
			);
			dependencies = (
			);
			name = ToDo;
			productName = ToDo;
			productReference = 935FB9A52AEAB8E1004A841F /* ToDo.app */;
			productType = "com.apple.product-type.application";
		};
		935FB9BA2AEAB8E5004A841F /* ToDoTests */ = {
			isa = PBXNativeTarget;
			buildConfigurationList = 935FB9D22AEAB8E5004A841F /* Build configuration list for PBXNativeTarget "ToDoTests" */;
			buildPhases = (
				935FB9B72AEAB8E5004A841F /* Sources */,
				935FB9B82AEAB8E5004A841F /* Frameworks */,
				935FB9B92AEAB8E5004A841F /* Resources */,
			);
			buildRules = (
			);
			dependencies = (
				935FB9BD2AEAB8E5004A841F /* PBXTargetDependency */,
			);
			name = ToDoTests;
			productName = ToDoTests;
			productReference = 935FB9BB2AEAB8E5004A841F /* ToDoTests.xctest */;
			productType = "com.apple.product-type.bundle.unit-test";
		};
		935FB9C42AEAB8E5004A841F /* ToDoUITests */ = {
			isa = PBXNativeTarget;
			buildConfigurationList = 935FB9D52AEAB8E5004A841F /* Build configuration list for PBXNativeTarget "ToDoUITests" */;
			buildPhases = (
				935FB9C12AEAB8E5004A841F /* Sources */,
				935FB9C22AEAB8E5004A841F /* Frameworks */,
				935FB9C32AEAB8E5004A841F /* Resources */,
			);
			buildRules = (
			);
			dependencies = (
				935FB9C72AEAB8E5004A841F /* PBXTargetDependency */,
			);
			name = ToDoUITests;
			productName = ToDoUITests;
			productReference = 935FB9C52AEAB8E5004A841F /* ToDoUITests.xctest */;
			productType = "com.apple.product-type.bundle.ui-testing";
		};
/* End PBXNativeTarget section */

/* Begin PBXProject section */
		935FB99D2AEAB8E1004A841F /* Project object */ = {
			isa = PBXProject;
			attributes = {
				BuildIndependentTargetsInParallel = 1;
				LastSwiftUpdateCheck = 1500;
				LastUpgradeCheck = 1500;
				TargetAttributes = {
					935FB9A42AEAB8E1004A841F = {
						CreatedOnToolsVersion = 15.0;
					};
					935FB9BA2AEAB8E5004A841F = {
						CreatedOnToolsVersion = 15.0;
						TestTargetID = 935FB9A42AEAB8E1004A841F;
					};
					935FB9C42AEAB8E5004A841F = {
						CreatedOnToolsVersion = 15.0;
						TestTargetID = 935FB9A42AEAB8E1004A841F;
					};
				};
			};
			buildConfigurationList = 935FB9A02AEAB8E1004A841F /* Build configuration list for PBXProject "ToDo" */;
			compatibilityVersion = "Xcode 14.0";
			developmentRegion = en;
			hasScannedForEncodings = 0;
			knownRegions = (
				en,
				Base,
			);
			mainGroup = 935FB99C2AEAB8E1004A841F;
			productRefGroup = 935FB9A62AEAB8E1004A841F /* Products */;
			projectDirPath = "";
			projectRoot = "";
			targets = (
				935FB9A42AEAB8E1004A841F /* ToDo */,
				935FB9BA2AEAB8E5004A841F /* ToDoTests */,
				935FB9C42AEAB8E5004A841F /* ToDoUITests */,
			);
		};
/* End PBXProject section */

/* Begin PBXResourcesBuildPhase section */
		935FB9A32AEAB8E1004A841F /* Resources */ = {
			isa = PBXResourcesBuildPhase;
			buildActionMask = 2147483647;
			files = (
				935FB9B52AEAB8E4004A841F /* LaunchScreen.storyboard in Resources */,
				9317F5282B03DAE000B00A48 /* Empty.storyboard in Resources */,
				93C2723A2AF168E8008AEEAB /* Main.storyboard in Resources */,
				93C2723E2AF16D79008AEEAB /* SignUp.storyboard in Resources */,
				9317F5352B06689500B00A48 /* NewItem.storyboard in Resources */,
				93C272362AF166AE008AEEAB /* Localizable.strings in Resources */,
				935FB9B22AEAB8E4004A841F /* Assets.xcassets in Resources */,
				935FB9B02AEAB8E1004A841F /* Auth.storyboard in Resources */,
				9317F52E2B03DDC200B00A48 /* MainItemCell.xib in Resources */,
			);
			runOnlyForDeploymentPostprocessing = 0;
		};
		935FB9B92AEAB8E5004A841F /* Resources */ = {
			isa = PBXResourcesBuildPhase;
			buildActionMask = 2147483647;
			files = (
			);
			runOnlyForDeploymentPostprocessing = 0;
		};
		935FB9C32AEAB8E5004A841F /* Resources */ = {
			isa = PBXResourcesBuildPhase;
			buildActionMask = 2147483647;
			files = (
			);
			runOnlyForDeploymentPostprocessing = 0;
		};
/* End PBXResourcesBuildPhase section */

/* Begin PBXSourcesBuildPhase section */
		935FB9A12AEAB8E1004A841F /* Sources */ = {
			isa = PBXSourcesBuildPhase;
			buildActionMask = 2147483647;
			files = (
				93E0771B2AFD357A009478CA /* ValidationManager.swift in Sources */,
				93A2E93B2B13B03E00305B56 /* SignInRequestBody.swift in Sources */,
				93C272382AF16745008AEEAB /* L10n.swift in Sources */,
				93564BE92AFF537200C3631D /* TextButton.swift in Sources */,
				93A5E9592B0FA27500B0BAB2 /* NetworkManager.swift in Sources */,
				93E077182AFD3242009478CA /* PrimaryButton.swift in Sources */,
				93CEFCB72B08A44C00D03833 /* TextViewInput.swift in Sources */,
				93971FBE2B11180D00432A47 /* DateFormatter.swift in Sources */,
				935FB9AD2AEAB8E1004A841F /* AuthViewController.swift in Sources */,
				93A2E93F2B13B18800305B56 /* NetworkError.swift in Sources */,
				93B02E362AF3F28600C8C6DA /* ParentViewController.swift in Sources */,
				93B02E392AF3F36600C8C6DA /* TextField.swift in Sources */,
				93A2E9362B13479700305B56 /* ToDoResponseBody.swift in Sources */,
				93E077162AFD2BB5009478CA /* MainButton.swift in Sources */,
				9317F5302B03DDD100B00A48 /* MainItemCell.swift in Sources */,
				93812E712AF5399300A18BD2 /* SignUpViewController.swift in Sources */,
				934D68E02AF50ACD00924492 /* UIViewController+Keyboard.swift in Sources */,
				935FB9A92AEAB8E1004A841F /* AppDelegate.swift in Sources */,
				93A5E9562B0FA21900B0BAB2 /* OSLog.swift in Sources */,
				93A5E95D2B0FA6B700B0BAB2 /* EmptyResponse.swift in Sources */,
				93A2E9392B13A27C00305B56 /* EmptyRequest.swift in Sources */,
				93A2E93D2B13B0E000305B56 /* SignUpRequestBody.swift in Sources */,
				935FB9AB2AEAB8E1004A841F /* SceneDelegate.swift in Sources */,
				9317F5332B06686E00B00A48 /* NewItemViewController.swift in Sources */,
				93A2E9412B13B41600305B56 /* ToDoRequestBody.swift in Sources */,
				93971FC22B1122D300432A47 /* PlistFiles.swift in Sources */,
				93C2723C2AF1692B008AEEAB /* MainViewController.swift in Sources */,
				9317F52B2B03DB6D00B00A48 /* EmptyViewController.swift in Sources */,
				93A5E95F2B0FA6F300B0BAB2 /* AuthResponse.swift in Sources */,
				93A5E9612B0FA72B00B0BAB2 /* DataResponse.swift in Sources */,
				93B02E3B2AF3FE4200C8C6DA /* TextInput.swift in Sources */,
			);
			runOnlyForDeploymentPostprocessing = 0;
		};
		935FB9B72AEAB8E5004A841F /* Sources */ = {
			isa = PBXSourcesBuildPhase;
			buildActionMask = 2147483647;
			files = (
				935FB9C02AEAB8E5004A841F /* ToDoTests.swift in Sources */,
			);
			runOnlyForDeploymentPostprocessing = 0;
		};
		935FB9C12AEAB8E5004A841F /* Sources */ = {
			isa = PBXSourcesBuildPhase;
			buildActionMask = 2147483647;
			files = (
				935FB9CC2AEAB8E5004A841F /* ToDoUITestsLaunchTests.swift in Sources */,
				935FB9CA2AEAB8E5004A841F /* ToDoUITests.swift in Sources */,
			);
			runOnlyForDeploymentPostprocessing = 0;
		};
/* End PBXSourcesBuildPhase section */

/* Begin PBXTargetDependency section */
		935FB9BD2AEAB8E5004A841F /* PBXTargetDependency */ = {
			isa = PBXTargetDependency;
			target = 935FB9A42AEAB8E1004A841F /* ToDo */;
			targetProxy = 935FB9BC2AEAB8E5004A841F /* PBXContainerItemProxy */;
		};
		935FB9C72AEAB8E5004A841F /* PBXTargetDependency */ = {
			isa = PBXTargetDependency;
			target = 935FB9A42AEAB8E1004A841F /* ToDo */;
			targetProxy = 935FB9C62AEAB8E5004A841F /* PBXContainerItemProxy */;
		};
/* End PBXTargetDependency section */

/* Begin PBXVariantGroup section */
		935FB9AE2AEAB8E1004A841F /* Auth.storyboard */ = {
			isa = PBXVariantGroup;
			children = (
				935FB9AF2AEAB8E1004A841F /* Base */,
			);
			name = Auth.storyboard;
			sourceTree = "<group>";
		};
		935FB9B32AEAB8E4004A841F /* LaunchScreen.storyboard */ = {
			isa = PBXVariantGroup;
			children = (
				935FB9B42AEAB8E4004A841F /* Base */,
			);
			name = LaunchScreen.storyboard;
			sourceTree = "<group>";
		};
/* End PBXVariantGroup section */

/* Begin XCBuildConfiguration section */
		935FB9CD2AEAB8E5004A841F /* Debug */ = {
			isa = XCBuildConfiguration;
			baseConfigurationReference = 93A5E95A2B0FA34600B0BAB2 /* Base.xcconfig */;
			buildSettings = {
				ALWAYS_SEARCH_USER_PATHS = NO;
				ASSETCATALOG_COMPILER_GENERATE_SWIFT_ASSET_SYMBOL_EXTENSIONS = YES;
				CLANG_ANALYZER_NONNULL = YES;
				CLANG_ANALYZER_NUMBER_OBJECT_CONVERSION = YES_AGGRESSIVE;
				CLANG_CXX_LANGUAGE_STANDARD = "gnu++20";
				CLANG_ENABLE_MODULES = YES;
				CLANG_ENABLE_OBJC_ARC = YES;
				CLANG_ENABLE_OBJC_WEAK = YES;
				CLANG_WARN_BLOCK_CAPTURE_AUTORELEASING = YES;
				CLANG_WARN_BOOL_CONVERSION = YES;
				CLANG_WARN_COMMA = YES;
				CLANG_WARN_CONSTANT_CONVERSION = YES;
				CLANG_WARN_DEPRECATED_OBJC_IMPLEMENTATIONS = YES;
				CLANG_WARN_DIRECT_OBJC_ISA_USAGE = YES_ERROR;
				CLANG_WARN_DOCUMENTATION_COMMENTS = YES;
				CLANG_WARN_EMPTY_BODY = YES;
				CLANG_WARN_ENUM_CONVERSION = YES;
				CLANG_WARN_INFINITE_RECURSION = YES;
				CLANG_WARN_INT_CONVERSION = YES;
				CLANG_WARN_NON_LITERAL_NULL_CONVERSION = YES;
				CLANG_WARN_OBJC_IMPLICIT_RETAIN_SELF = YES;
				CLANG_WARN_OBJC_LITERAL_CONVERSION = YES;
				CLANG_WARN_OBJC_ROOT_CLASS = YES_ERROR;
				CLANG_WARN_QUOTED_INCLUDE_IN_FRAMEWORK_HEADER = YES;
				CLANG_WARN_RANGE_LOOP_ANALYSIS = YES;
				CLANG_WARN_STRICT_PROTOTYPES = YES;
				CLANG_WARN_SUSPICIOUS_MOVE = YES;
				CLANG_WARN_UNGUARDED_AVAILABILITY = YES_AGGRESSIVE;
				CLANG_WARN_UNREACHABLE_CODE = YES;
				CLANG_WARN__DUPLICATE_METHOD_MATCH = YES;
				COPY_PHASE_STRIP = NO;
				DEBUG_INFORMATION_FORMAT = dwarf;
				ENABLE_STRICT_OBJC_MSGSEND = YES;
				ENABLE_TESTABILITY = YES;
				ENABLE_USER_SCRIPT_SANDBOXING = YES;
				GCC_C_LANGUAGE_STANDARD = gnu17;
				GCC_DYNAMIC_NO_PIC = NO;
				GCC_NO_COMMON_BLOCKS = YES;
				GCC_OPTIMIZATION_LEVEL = 0;
				GCC_PREPROCESSOR_DEFINITIONS = (
					"DEBUG=1",
					"$(inherited)",
				);
				GCC_WARN_64_TO_32_BIT_CONVERSION = YES;
				GCC_WARN_ABOUT_RETURN_TYPE = YES_ERROR;
				GCC_WARN_UNDECLARED_SELECTOR = YES;
				GCC_WARN_UNINITIALIZED_AUTOS = YES_AGGRESSIVE;
				GCC_WARN_UNUSED_FUNCTION = YES;
				GCC_WARN_UNUSED_VARIABLE = YES;
				IPHONEOS_DEPLOYMENT_TARGET = 17.0;
				LOCALIZATION_PREFERS_STRING_CATALOGS = YES;
				MTL_ENABLE_DEBUG_INFO = INCLUDE_SOURCE;
				MTL_FAST_MATH = YES;
				ONLY_ACTIVE_ARCH = YES;
				SDKROOT = iphoneos;
				SWIFT_ACTIVE_COMPILATION_CONDITIONS = "DEBUG $(inherited)";
				SWIFT_OPTIMIZATION_LEVEL = "-Onone";
			};
			name = Debug;
		};
		935FB9CE2AEAB8E5004A841F /* Release */ = {
			isa = XCBuildConfiguration;
			buildSettings = {
				ALWAYS_SEARCH_USER_PATHS = NO;
				ASSETCATALOG_COMPILER_GENERATE_SWIFT_ASSET_SYMBOL_EXTENSIONS = YES;
				CLANG_ANALYZER_NONNULL = YES;
				CLANG_ANALYZER_NUMBER_OBJECT_CONVERSION = YES_AGGRESSIVE;
				CLANG_CXX_LANGUAGE_STANDARD = "gnu++20";
				CLANG_ENABLE_MODULES = YES;
				CLANG_ENABLE_OBJC_ARC = YES;
				CLANG_ENABLE_OBJC_WEAK = YES;
				CLANG_WARN_BLOCK_CAPTURE_AUTORELEASING = YES;
				CLANG_WARN_BOOL_CONVERSION = YES;
				CLANG_WARN_COMMA = YES;
				CLANG_WARN_CONSTANT_CONVERSION = YES;
				CLANG_WARN_DEPRECATED_OBJC_IMPLEMENTATIONS = YES;
				CLANG_WARN_DIRECT_OBJC_ISA_USAGE = YES_ERROR;
				CLANG_WARN_DOCUMENTATION_COMMENTS = YES;
				CLANG_WARN_EMPTY_BODY = YES;
				CLANG_WARN_ENUM_CONVERSION = YES;
				CLANG_WARN_INFINITE_RECURSION = YES;
				CLANG_WARN_INT_CONVERSION = YES;
				CLANG_WARN_NON_LITERAL_NULL_CONVERSION = YES;
				CLANG_WARN_OBJC_IMPLICIT_RETAIN_SELF = YES;
				CLANG_WARN_OBJC_LITERAL_CONVERSION = YES;
				CLANG_WARN_OBJC_ROOT_CLASS = YES_ERROR;
				CLANG_WARN_QUOTED_INCLUDE_IN_FRAMEWORK_HEADER = YES;
				CLANG_WARN_RANGE_LOOP_ANALYSIS = YES;
				CLANG_WARN_STRICT_PROTOTYPES = YES;
				CLANG_WARN_SUSPICIOUS_MOVE = YES;
				CLANG_WARN_UNGUARDED_AVAILABILITY = YES_AGGRESSIVE;
				CLANG_WARN_UNREACHABLE_CODE = YES;
				CLANG_WARN__DUPLICATE_METHOD_MATCH = YES;
				COPY_PHASE_STRIP = NO;
				DEBUG_INFORMATION_FORMAT = "dwarf-with-dsym";
				ENABLE_NS_ASSERTIONS = NO;
				ENABLE_STRICT_OBJC_MSGSEND = YES;
				ENABLE_USER_SCRIPT_SANDBOXING = YES;
				GCC_C_LANGUAGE_STANDARD = gnu17;
				GCC_NO_COMMON_BLOCKS = YES;
				GCC_WARN_64_TO_32_BIT_CONVERSION = YES;
				GCC_WARN_ABOUT_RETURN_TYPE = YES_ERROR;
				GCC_WARN_UNDECLARED_SELECTOR = YES;
				GCC_WARN_UNINITIALIZED_AUTOS = YES_AGGRESSIVE;
				GCC_WARN_UNUSED_FUNCTION = YES;
				GCC_WARN_UNUSED_VARIABLE = YES;
				IPHONEOS_DEPLOYMENT_TARGET = 17.0;
				LOCALIZATION_PREFERS_STRING_CATALOGS = YES;
				MTL_ENABLE_DEBUG_INFO = NO;
				MTL_FAST_MATH = YES;
				SDKROOT = iphoneos;
				SWIFT_COMPILATION_MODE = wholemodule;
				VALIDATE_PRODUCT = YES;
			};
			name = Release;
		};
		935FB9D02AEAB8E5004A841F /* Debug */ = {
			isa = XCBuildConfiguration;
			buildSettings = {
				ASSETCATALOG_COMPILER_APPICON_NAME = AppIcon;
				ASSETCATALOG_COMPILER_GLOBAL_ACCENT_COLOR_NAME = AccentColor;
				CODE_SIGN_IDENTITY = "Apple Development";
				CODE_SIGN_STYLE = Automatic;
				CURRENT_PROJECT_VERSION = 1;
				DEVELOPMENT_TEAM = "";
				GENERATE_INFOPLIST_FILE = YES;
				INFOPLIST_FILE = ToDo/Resources/Info.plist;
				INFOPLIST_KEY_LSApplicationCategoryType = "";
				INFOPLIST_KEY_UIApplicationSupportsIndirectInputEvents = YES;
				INFOPLIST_KEY_UILaunchStoryboardName = LaunchScreen;
				INFOPLIST_KEY_UIMainStoryboardFile = Auth;
				INFOPLIST_KEY_UISupportedInterfaceOrientations_iPad = "UIInterfaceOrientationPortrait UIInterfaceOrientationPortraitUpsideDown UIInterfaceOrientationLandscapeLeft UIInterfaceOrientationLandscapeRight";
				INFOPLIST_KEY_UISupportedInterfaceOrientations_iPhone = "UIInterfaceOrientationPortrait UIInterfaceOrientationLandscapeLeft UIInterfaceOrientationLandscapeRight";
				LD_RUNPATH_SEARCH_PATHS = (
					"$(inherited)",
					"@executable_path/Frameworks",
				);
				MARKETING_VERSION = 1.0;
				PRODUCT_BUNDLE_IDENTIFIER = Handh.ToDo;
				PRODUCT_NAME = "$(TARGET_NAME)";
				PROVISIONING_PROFILE_SPECIFIER = "";
				SWIFT_EMIT_LOC_STRINGS = YES;
				SWIFT_VERSION = 5.0;
				TARGETED_DEVICE_FAMILY = "1,2";
			};
			name = Debug;
		};
		935FB9D12AEAB8E5004A841F /* Release */ = {
			isa = XCBuildConfiguration;
			buildSettings = {
				ASSETCATALOG_COMPILER_APPICON_NAME = AppIcon;
				ASSETCATALOG_COMPILER_GLOBAL_ACCENT_COLOR_NAME = AccentColor;
				CODE_SIGN_IDENTITY = "Apple Development";
				CODE_SIGN_STYLE = Automatic;
				CURRENT_PROJECT_VERSION = 1;
				DEVELOPMENT_TEAM = "";
				GENERATE_INFOPLIST_FILE = YES;
				INFOPLIST_FILE = ToDo/Resources/Info.plist;
				INFOPLIST_KEY_LSApplicationCategoryType = "";
				INFOPLIST_KEY_UIApplicationSupportsIndirectInputEvents = YES;
				INFOPLIST_KEY_UILaunchStoryboardName = LaunchScreen;
				INFOPLIST_KEY_UIMainStoryboardFile = Auth;
				INFOPLIST_KEY_UISupportedInterfaceOrientations_iPad = "UIInterfaceOrientationPortrait UIInterfaceOrientationPortraitUpsideDown UIInterfaceOrientationLandscapeLeft UIInterfaceOrientationLandscapeRight";
				INFOPLIST_KEY_UISupportedInterfaceOrientations_iPhone = "UIInterfaceOrientationPortrait UIInterfaceOrientationLandscapeLeft UIInterfaceOrientationLandscapeRight";
				LD_RUNPATH_SEARCH_PATHS = (
					"$(inherited)",
					"@executable_path/Frameworks",
				);
				MARKETING_VERSION = 1.0;
				PRODUCT_BUNDLE_IDENTIFIER = Handh.ToDo;
				PRODUCT_NAME = "$(TARGET_NAME)";
				PROVISIONING_PROFILE_SPECIFIER = "";
				SWIFT_EMIT_LOC_STRINGS = YES;
				SWIFT_VERSION = 5.0;
				TARGETED_DEVICE_FAMILY = "1,2";
			};
			name = Release;
		};
		935FB9D32AEAB8E5004A841F /* Debug */ = {
			isa = XCBuildConfiguration;
			buildSettings = {
				ALWAYS_EMBED_SWIFT_STANDARD_LIBRARIES = YES;
				BUNDLE_LOADER = "$(TEST_HOST)";
				CODE_SIGN_STYLE = Automatic;
				CURRENT_PROJECT_VERSION = 1;
				GENERATE_INFOPLIST_FILE = YES;
				IPHONEOS_DEPLOYMENT_TARGET = 17.0;
				MARKETING_VERSION = 1.0;
				PRODUCT_BUNDLE_IDENTIFIER = Handh.ToDoTests;
				PRODUCT_NAME = "$(TARGET_NAME)";
				SWIFT_EMIT_LOC_STRINGS = NO;
				SWIFT_VERSION = 5.0;
				TARGETED_DEVICE_FAMILY = "1,2";
				TEST_HOST = "$(BUILT_PRODUCTS_DIR)/ToDo.app/$(BUNDLE_EXECUTABLE_FOLDER_PATH)/ToDo";
			};
			name = Debug;
		};
		935FB9D42AEAB8E5004A841F /* Release */ = {
			isa = XCBuildConfiguration;
			buildSettings = {
				ALWAYS_EMBED_SWIFT_STANDARD_LIBRARIES = YES;
				BUNDLE_LOADER = "$(TEST_HOST)";
				CODE_SIGN_STYLE = Automatic;
				CURRENT_PROJECT_VERSION = 1;
				GENERATE_INFOPLIST_FILE = YES;
				IPHONEOS_DEPLOYMENT_TARGET = 17.0;
				MARKETING_VERSION = 1.0;
				PRODUCT_BUNDLE_IDENTIFIER = Handh.ToDoTests;
				PRODUCT_NAME = "$(TARGET_NAME)";
				SWIFT_EMIT_LOC_STRINGS = NO;
				SWIFT_VERSION = 5.0;
				TARGETED_DEVICE_FAMILY = "1,2";
				TEST_HOST = "$(BUILT_PRODUCTS_DIR)/ToDo.app/$(BUNDLE_EXECUTABLE_FOLDER_PATH)/ToDo";
			};
			name = Release;
		};
		935FB9D62AEAB8E5004A841F /* Debug */ = {
			isa = XCBuildConfiguration;
			buildSettings = {
				ALWAYS_EMBED_SWIFT_STANDARD_LIBRARIES = YES;
				CODE_SIGN_STYLE = Automatic;
				CURRENT_PROJECT_VERSION = 1;
				GENERATE_INFOPLIST_FILE = YES;
				MARKETING_VERSION = 1.0;
				PRODUCT_BUNDLE_IDENTIFIER = Handh.ToDoUITests;
				PRODUCT_NAME = "$(TARGET_NAME)";
				SWIFT_EMIT_LOC_STRINGS = NO;
				SWIFT_VERSION = 5.0;
				TARGETED_DEVICE_FAMILY = "1,2";
				TEST_TARGET_NAME = ToDo;
			};
			name = Debug;
		};
		935FB9D72AEAB8E5004A841F /* Release */ = {
			isa = XCBuildConfiguration;
			buildSettings = {
				ALWAYS_EMBED_SWIFT_STANDARD_LIBRARIES = YES;
				CODE_SIGN_STYLE = Automatic;
				CURRENT_PROJECT_VERSION = 1;
				GENERATE_INFOPLIST_FILE = YES;
				MARKETING_VERSION = 1.0;
				PRODUCT_BUNDLE_IDENTIFIER = Handh.ToDoUITests;
				PRODUCT_NAME = "$(TARGET_NAME)";
				SWIFT_EMIT_LOC_STRINGS = NO;
				SWIFT_VERSION = 5.0;
				TARGETED_DEVICE_FAMILY = "1,2";
				TEST_TARGET_NAME = ToDo;
			};
			name = Release;
		};
/* End XCBuildConfiguration section */

/* Begin XCConfigurationList section */
		935FB9A02AEAB8E1004A841F /* Build configuration list for PBXProject "ToDo" */ = {
			isa = XCConfigurationList;
			buildConfigurations = (
				935FB9CD2AEAB8E5004A841F /* Debug */,
				935FB9CE2AEAB8E5004A841F /* Release */,
			);
			defaultConfigurationIsVisible = 0;
			defaultConfigurationName = Release;
		};
		935FB9CF2AEAB8E5004A841F /* Build configuration list for PBXNativeTarget "ToDo" */ = {
			isa = XCConfigurationList;
			buildConfigurations = (
				935FB9D02AEAB8E5004A841F /* Debug */,
				935FB9D12AEAB8E5004A841F /* Release */,
			);
			defaultConfigurationIsVisible = 0;
			defaultConfigurationName = Release;
		};
		935FB9D22AEAB8E5004A841F /* Build configuration list for PBXNativeTarget "ToDoTests" */ = {
			isa = XCConfigurationList;
			buildConfigurations = (
				935FB9D32AEAB8E5004A841F /* Debug */,
				935FB9D42AEAB8E5004A841F /* Release */,
			);
			defaultConfigurationIsVisible = 0;
			defaultConfigurationName = Release;
		};
		935FB9D52AEAB8E5004A841F /* Build configuration list for PBXNativeTarget "ToDoUITests" */ = {
			isa = XCConfigurationList;
			buildConfigurations = (
				935FB9D62AEAB8E5004A841F /* Debug */,
				935FB9D72AEAB8E5004A841F /* Release */,
			);
			defaultConfigurationIsVisible = 0;
			defaultConfigurationName = Release;
		};
/* End XCConfigurationList section */
	};
	rootObject = 935FB99D2AEAB8E1004A841F /* Project object */;
}
